// !$*UTF8*$!
{
	archiveVersion = 1;
	classes = {
	};
	objectVersion = 46;
	objects = {

/* Begin PBXBuildFile section */
		5C27C08A1A6B59C60051C385 /* main.m in Sources */ = {isa = PBXBuildFile; fileRef = 5C27C0891A6B59C60051C385 /* main.m */; };
		5C27C08D1A6B59C60051C385 /* AppDelegate.m in Sources */ = {isa = PBXBuildFile; fileRef = 5C27C08C1A6B59C60051C385 /* AppDelegate.m */; };
		5C27C0901A6B59C60051C385 /* ViewController.m in Sources */ = {isa = PBXBuildFile; fileRef = 5C27C08F1A6B59C60051C385 /* ViewController.m */; };
		5C27C0931A6B59C60051C385 /* Main.storyboard in Resources */ = {isa = PBXBuildFile; fileRef = 5C27C0911A6B59C60051C385 /* Main.storyboard */; };
		5C27C0951A6B59C60051C385 /* Images.xcassets in Resources */ = {isa = PBXBuildFile; fileRef = 5C27C0941A6B59C60051C385 /* Images.xcassets */; };
		5C27C0981A6B59C60051C385 /* LaunchScreen.xib in Resources */ = {isa = PBXBuildFile; fileRef = 5C27C0961A6B59C60051C385 /* LaunchScreen.xib */; };
		5C27C0A41A6B59C60051C385 /* tipCalculatorTests.m in Sources */ = {isa = PBXBuildFile; fileRef = 5C27C0A31A6B59C60051C385 /* tipCalculatorTests.m */; };
		5C27C0B01A6B5BC80051C385 /* TipViewController.m in Sources */ = {isa = PBXBuildFile; fileRef = 5C27C0AE1A6B5BC80051C385 /* TipViewController.m */; };
		5C27C0B11A6B5BC80051C385 /* TipViewController.xib in Resources */ = {isa = PBXBuildFile; fileRef = 5C27C0AF1A6B5BC80051C385 /* TipViewController.xib */; };
		5CA38B061A6B774200F43896 /* SettingsViewController.m in Sources */ = {isa = PBXBuildFile; fileRef = 5CA38B041A6B774200F43896 /* SettingsViewController.m */; };
		5CA38B071A6B774200F43896 /* SettingsViewController.xib in Resources */ = {isa = PBXBuildFile; fileRef = 5CA38B051A6B774200F43896 /* SettingsViewController.xib */; };
		5CA38B091A6B84D400F43896 /* README.md in Sources */ = {isa = PBXBuildFile; fileRef = 5CA38B081A6B84D400F43896 /* README.md */; };
/* End PBXBuildFile section */

/* Begin PBXContainerItemProxy section */
		5C27C09E1A6B59C60051C385 /* PBXContainerItemProxy */ = {
			isa = PBXContainerItemProxy;
			containerPortal = 5C27C07C1A6B59C60051C385 /* Project object */;
			proxyType = 1;
			remoteGlobalIDString = 5C27C0831A6B59C60051C385;
			remoteInfo = tipCalculator;
		};
/* End PBXContainerItemProxy section */

/* Begin PBXFileReference section */
		5C27C0841A6B59C60051C385 /* tipCalculator.app */ = {isa = PBXFileReference; explicitFileType = wrapper.application; includeInIndex = 0; path = tipCalculator.app; sourceTree = BUILT_PRODUCTS_DIR; };
		5C27C0881A6B59C60051C385 /* Info.plist */ = {isa = PBXFileReference; lastKnownFileType = text.plist.xml; path = Info.plist; sourceTree = "<group>"; };
		5C27C0891A6B59C60051C385 /* main.m */ = {isa = PBXFileReference; lastKnownFileType = sourcecode.c.objc; path = main.m; sourceTree = "<group>"; };
		5C27C08B1A6B59C60051C385 /* AppDelegate.h */ = {isa = PBXFileReference; lastKnownFileType = sourcecode.c.h; path = AppDelegate.h; sourceTree = "<group>"; };
		5C27C08C1A6B59C60051C385 /* AppDelegate.m */ = {isa = PBXFileReference; lastKnownFileType = sourcecode.c.objc; path = AppDelegate.m; sourceTree = "<group>"; };
		5C27C08E1A6B59C60051C385 /* ViewController.h */ = {isa = PBXFileReference; lastKnownFileType = sourcecode.c.h; path = ViewController.h; sourceTree = "<group>"; };
		5C27C08F1A6B59C60051C385 /* ViewController.m */ = {isa = PBXFileReference; lastKnownFileType = sourcecode.c.objc; path = ViewController.m; sourceTree = "<group>"; };
		5C27C0921A6B59C60051C385 /* Base */ = {isa = PBXFileReference; lastKnownFileType = file.storyboard; name = Base; path = Base.lproj/Main.storyboard; sourceTree = "<group>"; };
		5C27C0941A6B59C60051C385 /* Images.xcassets */ = {isa = PBXFileReference; lastKnownFileType = folder.assetcatalog; path = Images.xcassets; sourceTree = "<group>"; };
		5C27C0971A6B59C60051C385 /* Base */ = {isa = PBXFileReference; lastKnownFileType = file.xib; name = Base; path = Base.lproj/LaunchScreen.xib; sourceTree = "<group>"; };
		5C27C09D1A6B59C60051C385 /* tipCalculatorTests.xctest */ = {isa = PBXFileReference; explicitFileType = wrapper.cfbundle; includeInIndex = 0; path = tipCalculatorTests.xctest; sourceTree = BUILT_PRODUCTS_DIR; };
		5C27C0A21A6B59C60051C385 /* Info.plist */ = {isa = PBXFileReference; lastKnownFileType = text.plist.xml; path = Info.plist; sourceTree = "<group>"; };
		5C27C0A31A6B59C60051C385 /* tipCalculatorTests.m */ = {isa = PBXFileReference; lastKnownFileType = sourcecode.c.objc; path = tipCalculatorTests.m; sourceTree = "<group>"; };
		5C27C0AD1A6B5BC80051C385 /* TipViewController.h */ = {isa = PBXFileReference; fileEncoding = 4; lastKnownFileType = sourcecode.c.h; path = TipViewController.h; sourceTree = "<group>"; };
		5C27C0AE1A6B5BC80051C385 /* TipViewController.m */ = {isa = PBXFileReference; fileEncoding = 4; lastKnownFileType = sourcecode.c.objc; path = TipViewController.m; sourceTree = "<group>"; };
		5C27C0AF1A6B5BC80051C385 /* TipViewController.xib */ = {isa = PBXFileReference; fileEncoding = 4; lastKnownFileType = file.xib; path = TipViewController.xib; sourceTree = "<group>"; };
		5CA38B031A6B774200F43896 /* SettingsViewController.h */ = {isa = PBXFileReference; fileEncoding = 4; lastKnownFileType = sourcecode.c.h; name = SettingsViewController.h; path = ../SettingsViewController.h; sourceTree = "<group>"; };
		5CA38B041A6B774200F43896 /* SettingsViewController.m */ = {isa = PBXFileReference; fileEncoding = 4; lastKnownFileType = sourcecode.c.objc; name = SettingsViewController.m; path = ../SettingsViewController.m; sourceTree = "<group>"; };
		5CA38B051A6B774200F43896 /* SettingsViewController.xib */ = {isa = PBXFileReference; fileEncoding = 4; lastKnownFileType = file.xib; name = SettingsViewController.xib; path = ../SettingsViewController.xib; sourceTree = "<group>"; };
		5CA38B081A6B84D400F43896 /* README.md */ = {isa = PBXFileReference; fileEncoding = 4; lastKnownFileType = net.daringfireball.markdown; path = README.md; sourceTree = "<group>"; };
/* End PBXFileReference section */

/* Begin PBXFrameworksBuildPhase section */
		5C27C0811A6B59C60051C385 /* Frameworks */ = {
			isa = PBXFrameworksBuildPhase;
			buildActionMask = 2147483647;
			files = (
			);
			runOnlyForDeploymentPostprocessing = 0;
		};
		5C27C09A1A6B59C60051C385 /* Frameworks */ = {
			isa = PBXFrameworksBuildPhase;
			buildActionMask = 2147483647;
			files = (
			);
			runOnlyForDeploymentPostprocessing = 0;
		};
/* End PBXFrameworksBuildPhase section */

/* Begin PBXGroup section */
		5C27C07B1A6B59C60051C385 = {
			isa = PBXGroup;
			children = (
				5CA38B081A6B84D400F43896 /* README.md */,
				5C27C0861A6B59C60051C385 /* tipCalculator */,
				5C27C0A01A6B59C60051C385 /* tipCalculatorTests */,
				5C27C0851A6B59C60051C385 /* Products */,
			);
			sourceTree = "<group>";
		};
		5C27C0851A6B59C60051C385 /* Products */ = {
			isa = PBXGroup;
			children = (
				5C27C0841A6B59C60051C385 /* tipCalculator.app */,
				5C27C09D1A6B59C60051C385 /* tipCalculatorTests.xctest */,
			);
			name = Products;
			sourceTree = "<group>";
		};
		5C27C0861A6B59C60051C385 /* tipCalculator */ = {
			isa = PBXGroup;
			children = (
				5CA38B031A6B774200F43896 /* SettingsViewController.h */,
				5CA38B041A6B774200F43896 /* SettingsViewController.m */,
				5CA38B051A6B774200F43896 /* SettingsViewController.xib */,
				5C27C08B1A6B59C60051C385 /* AppDelegate.h */,
				5C27C08C1A6B59C60051C385 /* AppDelegate.m */,
				5C27C08E1A6B59C60051C385 /* ViewController.h */,
				5C27C08F1A6B59C60051C385 /* ViewController.m */,
				5C27C0911A6B59C60051C385 /* Main.storyboard */,
				5C27C0941A6B59C60051C385 /* Images.xcassets */,
				5C27C0961A6B59C60051C385 /* LaunchScreen.xib */,
				5C27C0871A6B59C60051C385 /* Supporting Files */,
				5C27C0AD1A6B5BC80051C385 /* TipViewController.h */,
				5C27C0AE1A6B5BC80051C385 /* TipViewController.m */,
				5C27C0AF1A6B5BC80051C385 /* TipViewController.xib */,
			);
			path = tipCalculator;
			sourceTree = "<group>";
		};
		5C27C0871A6B59C60051C385 /* Supporting Files */ = {
			isa = PBXGroup;
			children = (
				5C27C0881A6B59C60051C385 /* Info.plist */,
				5C27C0891A6B59C60051C385 /* main.m */,
			);
			name = "Supporting Files";
			sourceTree = "<group>";
		};
		5C27C0A01A6B59C60051C385 /* tipCalculatorTests */ = {
			isa = PBXGroup;
			children = (
				5C27C0A31A6B59C60051C385 /* tipCalculatorTests.m */,
				5C27C0A11A6B59C60051C385 /* Supporting Files */,
			);
			path = tipCalculatorTests;
			sourceTree = "<group>";
		};
		5C27C0A11A6B59C60051C385 /* Supporting Files */ = {
			isa = PBXGroup;
			children = (
				5C27C0A21A6B59C60051C385 /* Info.plist */,
			);
			name = "Supporting Files";
			sourceTree = "<group>";
		};
/* End PBXGroup section */

/* Begin PBXNativeTarget section */
		5C27C0831A6B59C60051C385 /* tipCalculator */ = {
			isa = PBXNativeTarget;
			buildConfigurationList = 5C27C0A71A6B59C60051C385 /* Build configuration list for PBXNativeTarget "tipCalculator" */;
			buildPhases = (
				5C27C0801A6B59C60051C385 /* Sources */,
				5C27C0811A6B59C60051C385 /* Frameworks */,
				5C27C0821A6B59C60051C385 /* Resources */,
			);
			buildRules = (
			);
			dependencies = (
			);
			name = tipCalculator;
			productName = tipCalculator;
			productReference = 5C27C0841A6B59C60051C385 /* tipCalculator.app */;
			productType = "com.apple.product-type.application";
		};
		5C27C09C1A6B59C60051C385 /* tipCalculatorTests */ = {
			isa = PBXNativeTarget;
			buildConfigurationList = 5C27C0AA1A6B59C60051C385 /* Build configuration list for PBXNativeTarget "tipCalculatorTests" */;
			buildPhases = (
				5C27C0991A6B59C60051C385 /* Sources */,
				5C27C09A1A6B59C60051C385 /* Frameworks */,
				5C27C09B1A6B59C60051C385 /* Resources */,
			);
			buildRules = (
			);
			dependencies = (
				5C27C09F1A6B59C60051C385 /* PBXTargetDependency */,
			);
			name = tipCalculatorTests;
			productName = tipCalculatorTests;
			productReference = 5C27C09D1A6B59C60051C385 /* tipCalculatorTests.xctest */;
			productType = "com.apple.product-type.bundle.unit-test";
		};
/* End PBXNativeTarget section */

/* Begin PBXProject section */
		5C27C07C1A6B59C60051C385 /* Project object */ = {
			isa = PBXProject;
			attributes = {
				LastUpgradeCheck = 0610;
				ORGANIZATIONNAME = "Nadav Golbandi";
				TargetAttributes = {
					5C27C0831A6B59C60051C385 = {
						CreatedOnToolsVersion = 6.1.1;
					};
					5C27C09C1A6B59C60051C385 = {
						CreatedOnToolsVersion = 6.1.1;
						TestTargetID = 5C27C0831A6B59C60051C385;
					};
				};
			};
			buildConfigurationList = 5C27C07F1A6B59C60051C385 /* Build configuration list for PBXProject "tipCalculator" */;
			compatibilityVersion = "Xcode 3.2";
			developmentRegion = English;
			hasScannedForEncodings = 0;
			knownRegions = (
				en,
				Base,
			);
			mainGroup = 5C27C07B1A6B59C60051C385;
			productRefGroup = 5C27C0851A6B59C60051C385 /* Products */;
			projectDirPath = "";
			projectRoot = "";
			targets = (
				5C27C0831A6B59C60051C385 /* tipCalculator */,
				5C27C09C1A6B59C60051C385 /* tipCalculatorTests */,
			);
		};
/* End PBXProject section */

/* Begin PBXResourcesBuildPhase section */
		5C27C0821A6B59C60051C385 /* Resources */ = {
			isa = PBXResourcesBuildPhase;
			buildActionMask = 2147483647;
			files = (
				5C27C0931A6B59C60051C385 /* Main.storyboard in Resources */,
				5C27C0981A6B59C60051C385 /* LaunchScreen.xib in Resources */,
				5C27C0B11A6B5BC80051C385 /* TipViewController.xib in Resources */,
				5C27C0951A6B59C60051C385 /* Images.xcassets in Resources */,
				5CA38B071A6B774200F43896 /* SettingsViewController.xib in Resources */,
			);
			runOnlyForDeploymentPostprocessing = 0;
		};
		5C27C09B1A6B59C60051C385 /* Resources */ = {
			isa = PBXResourcesBuildPhase;
			buildActionMask = 2147483647;
			files = (
			);
			runOnlyForDeploymentPostprocessing = 0;
		};
/* End PBXResourcesBuildPhase section */

/* Begin PBXSourcesBuildPhase section */
		5C27C0801A6B59C60051C385 /* Sources */ = {
			isa = PBXSourcesBuildPhase;
			buildActionMask = 2147483647;
			files = (
				5CA38B091A6B84D400F43896 /* README.md in Sources */,
				5C27C0901A6B59C60051C385 /* ViewController.m in Sources */,
				5C27C08D1A6B59C60051C385 /* AppDelegate.m in Sources */,
				5CA38B061A6B774200F43896 /* SettingsViewController.m in Sources */,
				5C27C0B01A6B5BC80051C385 /* TipViewController.m in Sources */,
				5C27C08A1A6B59C60051C385 /* main.m in Sources */,
			);
			runOnlyForDeploymentPostprocessing = 0;
		};
		5C27C0991A6B59C60051C385 /* Sources */ = {
			isa = PBXSourcesBuildPhase;
			buildActionMask = 2147483647;
			files = (
				5C27C0A41A6B59C60051C385 /* tipCalculatorTests.m in Sources */,
			);
			runOnlyForDeploymentPostprocessing = 0;
		};
/* End PBXSourcesBuildPhase section */

/* Begin PBXTargetDependency section */
		5C27C09F1A6B59C60051C385 /* PBXTargetDependency */ = {
			isa = PBXTargetDependency;
			target = 5C27C0831A6B59C60051C385 /* tipCalculator */;
			targetProxy = 5C27C09E1A6B59C60051C385 /* PBXContainerItemProxy */;
		};
/* End PBXTargetDependency section */

/* Begin PBXVariantGroup section */
		5C27C0911A6B59C60051C385 /* Main.storyboard */ = {
			isa = PBXVariantGroup;
			children = (
				5C27C0921A6B59C60051C385 /* Base */,
			);
			name = Main.storyboard;
			sourceTree = "<group>";
		};
		5C27C0961A6B59C60051C385 /* LaunchScreen.xib */ = {
			isa = PBXVariantGroup;
			children = (
				5C27C0971A6B59C60051C385 /* Base */,
			);
			name = LaunchScreen.xib;
			sourceTree = "<group>";
		};
/* End PBXVariantGroup section */

/* Begin XCBuildConfiguration section */
		5C27C0A51A6B59C60051C385 /* Debug */ = {
			isa = XCBuildConfiguration;
			buildSettings = {
				ALWAYS_SEARCH_USER_PATHS = NO;
				CLANG_CXX_LANGUAGE_STANDARD = "gnu++0x";
				CLANG_CXX_LIBRARY = "libc++";
				CLANG_ENABLE_MODULES = YES;
				CLANG_ENABLE_OBJC_ARC = YES;
				CLANG_WARN_BOOL_CONVERSION = YES;
				CLANG_WARN_CONSTANT_CONVERSION = YES;
				CLANG_WARN_DIRECT_OBJC_ISA_USAGE = YES_ERROR;
				CLANG_WARN_EMPTY_BODY = YES;
				CLANG_WARN_ENUM_CONVERSION = YES;
				CLANG_WARN_INT_CONVERSION = YES;
				CLANG_WARN_OBJC_ROOT_CLASS = YES_ERROR;
				CLANG_WARN_UNREACHABLE_CODE = YES;
				CLANG_WARN__DUPLICATE_METHOD_MATCH = YES;
				"CODE_SIGN_IDENTITY[sdk=iphoneos*]" = "iPhone Developer";
				COPY_PHASE_STRIP = NO;
				ENABLE_STRICT_OBJC_MSGSEND = YES;
				GCC_C_LANGUAGE_STANDARD = gnu99;
				GCC_DYNAMIC_NO_PIC = NO;
				GCC_OPTIMIZATION_LEVEL = 0;
				GCC_PREPROCESSOR_DEFINITIONS = (
					"DEBUG=1",
					"$(inherited)",
				);
				GCC_SYMBOLS_PRIVATE_EXTERN = NO;
				GCC_WARN_64_TO_32_BIT_CONVERSION = YES;
				GCC_WARN_ABOUT_RETURN_TYPE = YES_ERROR;
				GCC_WARN_UNDECLARED_SELECTOR = YES;
				GCC_WARN_UNINITIALIZED_AUTOS = YES_AGGRESSIVE;
				GCC_WARN_UNUSED_FUNCTION = YES;
				GCC_WARN_UNUSED_VARIABLE = YES;
				IPHONEOS_DEPLOYMENT_TARGET = 8.1;
				MTL_ENABLE_DEBUG_INFO = YES;
				ONLY_ACTIVE_ARCH = YES;
				SDKROOT = iphoneos;
			};
			name = Debug;
		};
		5C27C0A61A6B59C60051C385 /* Release */ = {
			isa = XCBuildConfiguration;
			buildSettings = {
				ALWAYS_SEARCH_USER_PATHS = NO;
				CLANG_CXX_LANGUAGE_STANDARD = "gnu++0x";
				CLANG_CXX_LIBRARY = "libc++";
				CLANG_ENABLE_MODULES = YES;
				CLANG_ENABLE_OBJC_ARC = YES;
				CLANG_WARN_BOOL_CONVERSION = YES;
				CLANG_WARN_CONSTANT_CONVERSION = YES;
				CLANG_WARN_DIRECT_OBJC_ISA_USAGE = YES_ERROR;
				CLANG_WARN_EMPTY_BODY = YES;
				CLANG_WARN_ENUM_CONVERSION = YES;
				CLANG_WARN_INT_CONVERSION = YES;
				CLANG_WARN_OBJC_ROOT_CLASS = YES_ERROR;
				CLANG_WARN_UNREACHABLE_CODE = YES;
				CLANG_WARN__DUPLICATE_METHOD_MATCH = YES;
				"CODE_SIGN_IDENTITY[sdk=iphoneos*]" = "iPhone Developer";
				COPY_PHASE_STRIP = YES;
				ENABLE_NS_ASSERTIONS = NO;
				ENABLE_STRICT_OBJC_MSGSEND = YES;
				GCC_C_LANGUAGE_STANDARD = gnu99;
				GCC_WARN_64_TO_32_BIT_CONVERSION = YES;
				GCC_WARN_ABOUT_RETURN_TYPE = YES_ERROR;
				GCC_WARN_UNDECLARED_SELECTOR = YES;
				GCC_WARN_UNINITIALIZED_AUTOS = YES_AGGRESSIVE;
				GCC_WARN_UNUSED_FUNCTION = YES;
				GCC_WARN_UNUSED_VARIABLE = YES;
				IPHONEOS_DEPLOYMENT_TARGET = 8.1;
				MTL_ENABLE_DEBUG_INFO = NO;
				SDKROOT = iphoneos;
				VALIDATE_PRODUCT = YES;
			};
			name = Release;
		};
		5C27C0A81A6B59C60051C385 /* Debug */ = {
			isa = XCBuildConfiguration;
			buildSettings = {
				ASSETCATALOG_COMPILER_APPICON_NAME = AppIcon;
				INFOPLIST_FILE = tipCalculator/Info.plist;
				IPHONEOS_DEPLOYMENT_TARGET = 6.1;
				LD_RUNPATH_SEARCH_PATHS = "$(inherited) @executable_path/Frameworks";
				PRODUCT_NAME = "$(TARGET_NAME)";
			};
			name = Debug;
		};
		5C27C0A91A6B59C60051C385 /* Release */ = {
			isa = XCBuildConfiguration;
			buildSettings = {
				ASSETCATALOG_COMPILER_APPICON_NAME = AppIcon;
				INFOPLIST_FILE = tipCalculator/Info.plist;
				IPHONEOS_DEPLOYMENT_TARGET = 6.1;
				LD_RUNPATH_SEARCH_PATHS = "$(inherited) @executable_path/Frameworks";
				PRODUCT_NAME = "$(TARGET_NAME)";
			};
			name = Release;
		};
		5C27C0AB1A6B59C60051C385 /* Debug */ = {
			isa = XCBuildConfiguration;
			buildSettings = {
				BUNDLE_LOADER = "$(TEST_HOST)";
				FRAMEWORK_SEARCH_PATHS = (
					"$(SDKROOT)/Developer/Library/Frameworks",
					"$(inherited)",
				);
				GCC_PREPROCESSOR_DEFINITIONS = (
					"DEBUG=1",
					"$(inherited)",
				);
				INFOPLIST_FILE = tipCalculatorTests/Info.plist;
				LD_RUNPATH_SEARCH_PATHS = "$(inherited) @executable_path/Frameworks @loader_path/Frameworks";
				PRODUCT_NAME = "$(TARGET_NAME)";
				TEST_HOST = "$(BUILT_PRODUCTS_DIR)/tipCalculator.app/tipCalculator";
			};
			name = Debug;
		};
		5C27C0AC1A6B59C60051C385 /* Release */ = {
			isa = XCBuildConfiguration;
			buildSettings = {
				BUNDLE_LOADER = "$(TEST_HOST)";
				FRAMEWORK_SEARCH_PATHS = (
					"$(SDKROOT)/Developer/Library/Frameworks",
					"$(inherited)",
				);
				INFOPLIST_FILE = tipCalculatorTests/Info.plist;
				LD_RUNPATH_SEARCH_PATHS = "$(inherited) @executable_path/Frameworks @loader_path/Frameworks";
				PRODUCT_NAME = "$(TARGET_NAME)";
				TEST_HOST = "$(BUILT_PRODUCTS_DIR)/tipCalculator.app/tipCalculator";
			};
			name = Release;
		};
/* End XCBuildConfiguration section */

/* Begin XCConfigurationList section */
		5C27C07F1A6B59C60051C385 /* Build configuration list for PBXProject "tipCalculator" */ = {
			isa = XCConfigurationList;
			buildConfigurations = (
				5C27C0A51A6B59C60051C385 /* Debug */,
				5C27C0A61A6B59C60051C385 /* Release */,
			);
			defaultConfigurationIsVisible = 0;
			defaultConfigurationName = Release;
		};
		5C27C0A71A6B59C60051C385 /* Build configuration list for PBXNativeTarget "tipCalculator" */ = {
			isa = XCConfigurationList;
			buildConfigurations = (
				5C27C0A81A6B59C60051C385 /* Debug */,
				5C27C0A91A6B59C60051C385 /* Release */,
			);
			defaultConfigurationIsVisible = 0;
			defaultConfigurationName = Release;
		};
		5C27C0AA1A6B59C60051C385 /* Build configuration list for PBXNativeTarget "tipCalculatorTests" */ = {
			isa = XCConfigurationList;
			buildConfigurations = (
				5C27C0AB1A6B59C60051C385 /* Debug */,
				5C27C0AC1A6B59C60051C385 /* Release */,
			);
			defaultConfigurationIsVisible = 0;
			defaultConfigurationName = Release;
		};
/* End XCConfigurationList section */
	};
	rootObject = 5C27C07C1A6B59C60051C385 /* Project object */;
}
